
Microsoft Visual Studio Solution File, Format Version 12.00
# Visual Studio Version 17
VisualStudioVersion = 17.0.32126.317
MinimumVisualStudioVersion = 10.0.40219.1
Project("{FAE04EC0-301F-11D3-BF4B-00C04F79EFBC}") = "Array", "Array\Array.csproj", "{422687EB-7074-4915-8B91-165E0968C7AF}"
EndProject
Global
	GlobalSection(SolutionConfigurationPlatforms) = preSolution
		Debug|Any CPU = Debug|Any CPU
		Release|Any CPU = Release|Any CPU
	EndGlobalSection
	GlobalSection(ProjectConfigurationPlatforms) = postSolution
		{422687EB-7074-4915-8B91-165E0968C7AF}.Debug|Any CPU.ActiveCfg = Debug|Any CPU
		{422687EB-7074-4915-8B91-165E0968C7AF}.Debug|Any CPU.Build.0 = Debug|Any CPU
		{422687EB-7074-4915-8B91-165E0968C7AF}.Release|Any CPU.ActiveCfg = Release|Any CPU
		{422687EB-7074-4915-8B91-165E0968C7AF}.Release|Any CPU.Build.0 = Release|Any CPU
	EndGlobalSection
	GlobalSection(SolutionProperties) = preSolution
		HideSolutionNode = FALSE
	EndGlobalSection
	GlobalSection(ExtensibilityGlobals) = postSolution
		SolutionGuid = {8B913128-7E9F-4C28-910F-1048CD55D968}
	EndGlobalSection
EndGlobal
